
Microsoft Visual Studio Solution File, Format Version 12.00
# Visual Studio 2012
Project("{FAE04EC0-301F-11D3-BF4B-00C04F79EFBC}") = "Generator", "Generator\Generator.csproj", "{CC7BB5BA-5B04-4BEE-A74F-F27D05512F06}"
EndProject
Project("{FAE04EC0-301F-11D3-BF4B-00C04F79EFBC}") = "Kinect.Replay", "..\Kinect.Replay-master\Kinect.Replay\Kinect.Replay.csproj", "{7CE86894-45DA-4ED7-BC9D-0D073C0E481B}"
EndProject
Project("{FAE04EC0-301F-11D3-BF4B-00C04F79EFBC}") = "Kinect.Recorder", "..\Kinect.Replay-master\Kinect.Recorder\Kinect.Recorder.csproj", "{313D5341-A967-4347-AD9A-19FA58412A83}"
EndProject
Project("{FAE04EC0-301F-11D3-BF4B-00C04F79EFBC}") = "Analyser", "..\..\Backup Source\20130221\Analyser\Analyser\Analyser.csproj", "{AECEFB2E-7665-4614-B7E9-43A376D618A9}"
EndProject
Global
	GlobalSection(SolutionConfigurationPlatforms) = preSolution
		Debug|Any CPU = Debug|Any CPU
		Debug|Mixed Platforms = Debug|Mixed Platforms
		Debug|x86 = Debug|x86
		Release|Any CPU = Release|Any CPU
		Release|Mixed Platforms = Release|Mixed Platforms
		Release|x86 = Release|x86
	EndGlobalSection
	GlobalSection(ProjectConfigurationPlatforms) = postSolution
		{CC7BB5BA-5B04-4BEE-A74F-F27D05512F06}.Debug|Any CPU.ActiveCfg = Debug|x86
		{CC7BB5BA-5B04-4BEE-A74F-F27D05512F06}.Debug|Mixed Platforms.ActiveCfg = Debug|x86
		{CC7BB5BA-5B04-4BEE-A74F-F27D05512F06}.Debug|Mixed Platforms.Build.0 = Debug|x86
		{CC7BB5BA-5B04-4BEE-A74F-F27D05512F06}.Debug|x86.ActiveCfg = Debug|x86
		{CC7BB5BA-5B04-4BEE-A74F-F27D05512F06}.Debug|x86.Build.0 = Debug|x86
		{CC7BB5BA-5B04-4BEE-A74F-F27D05512F06}.Release|Any CPU.ActiveCfg = Release|x86
		{CC7BB5BA-5B04-4BEE-A74F-F27D05512F06}.Release|Mixed Platforms.ActiveCfg = Release|x86
		{CC7BB5BA-5B04-4BEE-A74F-F27D05512F06}.Release|Mixed Platforms.Build.0 = Release|x86
		{CC7BB5BA-5B04-4BEE-A74F-F27D05512F06}.Release|x86.ActiveCfg = Release|x86
		{CC7BB5BA-5B04-4BEE-A74F-F27D05512F06}.Release|x86.Build.0 = Release|x86
		{7CE86894-45DA-4ED7-BC9D-0D073C0E481B}.Debug|Any CPU.ActiveCfg = Debug|Any CPU
		{7CE86894-45DA-4ED7-BC9D-0D073C0E481B}.Debug|Any CPU.Build.0 = Debug|Any CPU
		{7CE86894-45DA-4ED7-BC9D-0D073C0E481B}.Debug|Mixed Platforms.ActiveCfg = Debug|Any CPU
		{7CE86894-45DA-4ED7-BC9D-0D073C0E481B}.Debug|Mixed Platforms.Build.0 = Debug|Any CPU
		{7CE86894-45DA-4ED7-BC9D-0D073C0E481B}.Debug|x86.ActiveCfg = Debug|Any CPU
		{7CE86894-45DA-4ED7-BC9D-0D073C0E481B}.Release|Any CPU.ActiveCfg = Release|Any CPU
		{7CE86894-45DA-4ED7-BC9D-0D073C0E481B}.Release|Any CPU.Build.0 = Release|Any CPU
		{7CE86894-45DA-4ED7-BC9D-0D073C0E481B}.Release|Mixed Platforms.ActiveCfg = Release|Any CPU
		{7CE86894-45DA-4ED7-BC9D-0D073C0E481B}.Release|Mixed Platforms.Build.0 = Release|Any CPU
		{7CE86894-45DA-4ED7-BC9D-0D073C0E481B}.Release|x86.ActiveCfg = Release|Any CPU
		{313D5341-A967-4347-AD9A-19FA58412A83}.Debug|Any CPU.ActiveCfg = Debug|Any CPU
		{313D5341-A967-4347-AD9A-19FA58412A83}.Debug|Any CPU.Build.0 = Debug|Any CPU
		{313D5341-A967-4347-AD9A-19FA58412A83}.Debug|Mixed Platforms.ActiveCfg = Debug|Any CPU
		{313D5341-A967-4347-AD9A-19FA58412A83}.Debug|Mixed Platforms.Build.0 = Debug|Any CPU
		{313D5341-A967-4347-AD9A-19FA58412A83}.Debug|x86.ActiveCfg = Debug|Any CPU
		{313D5341-A967-4347-AD9A-19FA58412A83}.Release|Any CPU.ActiveCfg = Release|Any CPU
		{313D5341-A967-4347-AD9A-19FA58412A83}.Release|Any CPU.Build.0 = Release|Any CPU
		{313D5341-A967-4347-AD9A-19FA58412A83}.Release|Mixed Platforms.ActiveCfg = Release|Any CPU
		{313D5341-A967-4347-AD9A-19FA58412A83}.Release|Mixed Platforms.Build.0 = Release|Any CPU
		{313D5341-A967-4347-AD9A-19FA58412A83}.Release|x86.ActiveCfg = Release|Any CPU
		{AECEFB2E-7665-4614-B7E9-43A376D618A9}.Debug|Any CPU.ActiveCfg = Debug|x86
		{AECEFB2E-7665-4614-B7E9-43A376D618A9}.Debug|Mixed Platforms.ActiveCfg = Debug|x86
		{AECEFB2E-7665-4614-B7E9-43A376D618A9}.Debug|Mixed Platforms.Build.0 = Debug|x86
		{AECEFB2E-7665-4614-B7E9-43A376D618A9}.Debug|x86.ActiveCfg = Debug|x86
		{AECEFB2E-7665-4614-B7E9-43A376D618A9}.Debug|x86.Build.0 = Debug|x86
		{AECEFB2E-7665-4614-B7E9-43A376D618A9}.Release|Any CPU.ActiveCfg = Release|x86
		{AECEFB2E-7665-4614-B7E9-43A376D618A9}.Release|Mixed Platforms.ActiveCfg = Release|x86
		{AECEFB2E-7665-4614-B7E9-43A376D618A9}.Release|Mixed Platforms.Build.0 = Release|x86
		{AECEFB2E-7665-4614-B7E9-43A376D618A9}.Release|x86.ActiveCfg = Release|x86
		{AECEFB2E-7665-4614-B7E9-43A376D618A9}.Release|x86.Build.0 = Release|x86
	EndGlobalSection
	GlobalSection(SolutionProperties) = preSolution
		HideSolutionNode = FALSE
	EndGlobalSection
EndGlobal
